
Microsoft Visual Studio Solution File, Format Version 12.00
# Visual Studio Version 17
VisualStudioVersion = 17.1.32228.430
MinimumVisualStudioVersion = 10.0.40219.1
Project("{9A19103F-16F7-4668-BE54-9A1E7A4F7556}") = "Order.API", "Order.API\Order.API.csproj", "{9217CE0E-14CE-420D-90E3-4E17A982B35F}"
EndProject
Project("{9A19103F-16F7-4668-BE54-9A1E7A4F7556}") = "Shared", "Shared\Shared.csproj", "{94084207-C0E8-4B40-B816-03E0C45B2DA2}"
EndProject
Project("{9A19103F-16F7-4668-BE54-9A1E7A4F7556}") = "Stock.API", "Stock.API\Stock.API.csproj", "{0094C989-57CA-4299-BBA9-EE9E8F9A959D}"
EndProject
Project("{9A19103F-16F7-4668-BE54-9A1E7A4F7556}") = "Payment.API", "Payment.API\Payment.API.csproj", "{54796ED2-8B98-4B9A-862F-BCC759E69D2E}"
	ProjectSection(ProjectDependencies) = postProject
		{94084207-C0E8-4B40-B816-03E0C45B2DA2} = {94084207-C0E8-4B40-B816-03E0C45B2DA2}
	EndProjectSection
EndProject
Project("{FAE04EC0-301F-11D3-BF4B-00C04F79EFBC}") = "Notification.API", "Notification.API\Notification.API.csproj", "{E1CE9AD4-4012-448F-805D-5EE9CCA34E6C}"
	ProjectSection(ProjectDependencies) = postProject
		{94084207-C0E8-4B40-B816-03E0C45B2DA2} = {94084207-C0E8-4B40-B816-03E0C45B2DA2}
	EndProjectSection
EndProject
Global
	GlobalSection(SolutionConfigurationPlatforms) = preSolution
		Debug|Any CPU = Debug|Any CPU
		Release|Any CPU = Release|Any CPU
	EndGlobalSection
	GlobalSection(ProjectConfigurationPlatforms) = postSolution
		{9217CE0E-14CE-420D-90E3-4E17A982B35F}.Debug|Any CPU.ActiveCfg = Debug|Any CPU
		{9217CE0E-14CE-420D-90E3-4E17A982B35F}.Debug|Any CPU.Build.0 = Debug|Any CPU
		{9217CE0E-14CE-420D-90E3-4E17A982B35F}.Release|Any CPU.ActiveCfg = Release|Any CPU
		{9217CE0E-14CE-420D-90E3-4E17A982B35F}.Release|Any CPU.Build.0 = Release|Any CPU
		{94084207-C0E8-4B40-B816-03E0C45B2DA2}.Debug|Any CPU.ActiveCfg = Debug|Any CPU
		{94084207-C0E8-4B40-B816-03E0C45B2DA2}.Debug|Any CPU.Build.0 = Debug|Any CPU
		{94084207-C0E8-4B40-B816-03E0C45B2DA2}.Release|Any CPU.ActiveCfg = Release|Any CPU
		{94084207-C0E8-4B40-B816-03E0C45B2DA2}.Release|Any CPU.Build.0 = Release|Any CPU
		{0094C989-57CA-4299-BBA9-EE9E8F9A959D}.Debug|Any CPU.ActiveCfg = Debug|Any CPU
		{0094C989-57CA-4299-BBA9-EE9E8F9A959D}.Debug|Any CPU.Build.0 = Debug|Any CPU
		{0094C989-57CA-4299-BBA9-EE9E8F9A959D}.Release|Any CPU.ActiveCfg = Release|Any CPU
		{0094C989-57CA-4299-BBA9-EE9E8F9A959D}.Release|Any CPU.Build.0 = Release|Any CPU
		{54796ED2-8B98-4B9A-862F-BCC759E69D2E}.Debug|Any CPU.ActiveCfg = Debug|Any CPU
		{54796ED2-8B98-4B9A-862F-BCC759E69D2E}.Debug|Any CPU.Build.0 = Debug|Any CPU
		{54796ED2-8B98-4B9A-862F-BCC759E69D2E}.Release|Any CPU.ActiveCfg = Release|Any CPU
		{54796ED2-8B98-4B9A-862F-BCC759E69D2E}.Release|Any CPU.Build.0 = Release|Any CPU
		{E1CE9AD4-4012-448F-805D-5EE9CCA34E6C}.Debug|Any CPU.ActiveCfg = Debug|Any CPU
		{E1CE9AD4-4012-448F-805D-5EE9CCA34E6C}.Debug|Any CPU.Build.0 = Debug|Any CPU
		{E1CE9AD4-4012-448F-805D-5EE9CCA34E6C}.Release|Any CPU.ActiveCfg = Release|Any CPU
		{E1CE9AD4-4012-448F-805D-5EE9CCA34E6C}.Release|Any CPU.Build.0 = Release|Any CPU
	EndGlobalSection
	GlobalSection(SolutionProperties) = preSolution
		HideSolutionNode = FALSE
	EndGlobalSection
	GlobalSection(ExtensibilityGlobals) = postSolution
		SolutionGuid = {C79FDC22-80B3-49E3-A0FC-73C8D9754AB8}
	EndGlobalSection
EndGlobal
